lockfileVersion: '9.0'

settings:
  autoInstallPeers: true
  excludeLinksFromLockfile: false

importers:

  .:
    dependencies:
      '@paperclipai/plugin-sdk':
        specifier: ^2026.318.0
        version: 2026.325.0
      '@paperclipai/shared':
        specifier: ^2026.318.0
        version: 2026.325.0
    devDependencies:
      '@types/node':
        specifier: ^24.6.0
        version: 24.12.0
      typescript:
        specifier: ^5.7.3
        version: 5.9.3

packages:

  '@paperclipai/plugin-sdk@2026.325.0':
    resolution: {integrity: sha512-axAIK90QVrRihlCXcGoePDc0qaf0weqOwUagWsp88v6T2NXAWXALCzFtY4IipPnaVli6xZe5ZsuC+gTlPXhMKQ==}
    hasBin: true
    peerDependencies:
      react: '>=18'
    peerDependenciesMeta:
      react:
        optional: true

  '@paperclipai/shared@2026.325.0':
    resolution: {integrity: sha512-l0ZeaQhswxjAyJ6G/TdgyrfbEgFKqdkly4zn4QgOPCu+x8j8Gma51Xf45M2Br3ILJlIx93HhT3hAzWKChdxgMg==}

  '@types/node@24.12.0':
    resolution: {integrity: sha512-GYDxsZi3ChgmckRT9HPU0WEhKLP08ev/Yfcq2AstjrDASOYCSXeyjDsHg4v5t4jOj7cyDX3vmprafKlWIG9MXQ==}

  typescript@5.9.3:
    resolution: {integrity: sha512-jl1vZzPDinLr9eUt3J/t7V6FgNEw9QjvBPdysz9KfQDD41fQrC2Y4vKQdiaUpFT4bXlb1RHhLpp8wtm6M5TgSw==}
    engines: {node: '>=14.17'}
    hasBin: true

  undici-types@7.16.0:
    resolution: {integrity: sha512-Zz+aZWSj8LE6zoxD+xrjh4VfkIG8Ya6LvYkZqtUQGJPZjYl53ypCaUwWqo7eI0x66KBGeRo+mlBEkMSeSZ38Nw==}

  zod@3.25.76:
    resolution: {integrity: sha512-gzUt/qt81nXsFGKIFcC3YnfEAx5NkunCfnDlvuBSSFS02bcXu4Lmea0AFIUwbLWxWPx3d9p8S5QoaujKcNQxcQ==}

snapshots:

  '@paperclipai/plugin-sdk@2026.325.0':
    dependencies:
      '@paperclipai/shared': 2026.325.0
      zod: 3.25.76

  '@paperclipai/shared@2026.325.0':
    dependencies:
      zod: 3.25.76

  '@types/node@24.12.0':
    dependencies:
      undici-types: 7.16.0

  typescript@5.9.3: {}

  undici-types@7.16.0: {}

  zod@3.25.76: {}
